
Microsoft Visual Studio Solution File, Format Version 12.00
# Visual Studio 2012
Project("{FAE04EC0-301F-11D3-BF4B-00C04F79EFBC}") = "ObviousCode.Alchemy.Creatures", "ObviousCode.Alchemy.Creatures\ObviousCode.Alchemy.Creatures.csproj", "{EF46E974-0F6E-47F7-A05C-FE4645A16988}"
EndProject
Project("{FAE04EC0-301F-11D3-BF4B-00C04F79EFBC}") = "ObviousCode.Alchemy.Creatures.Tests", "ObviousCode.Alchemy.Creatures.Tests\ObviousCode.Alchemy.Creatures.Tests.csproj", "{3DEC977E-FDA1-4415-BCBE-1FDD4D12D9B6}"
EndProject
Project("{FAE04EC0-301F-11D3-BF4B-00C04F79EFBC}") = "ObviousCode.Alchemy.Creatures.Darwin", "ObviousCode.Alchemy.Creatures.Darwin\ObviousCode.Alchemy.Creatures.Darwin.csproj", "{B6EA4346-DB1C-449D-8951-E19E76CDDBB3}"
EndProject
Project("{FAE04EC0-301F-11D3-BF4B-00C04F79EFBC}") = "ObviousCode.Alchemy.Creatures.Darwin.Ui", "ObviousCode.Alchemy.Creatures.Darwin.Ui\ObviousCode.Alchemy.Creatures.Darwin.Ui.csproj", "{5ADB0B47-8239-4E76-9861-B690014F1A6B}"
EndProject
Global
	GlobalSection(SolutionConfigurationPlatforms) = preSolution
		Debug|Any CPU = Debug|Any CPU
		Release|Any CPU = Release|Any CPU
	EndGlobalSection
	GlobalSection(ProjectConfigurationPlatforms) = postSolution
		{3DEC977E-FDA1-4415-BCBE-1FDD4D12D9B6}.Debug|Any CPU.ActiveCfg = Debug|Any CPU
		{3DEC977E-FDA1-4415-BCBE-1FDD4D12D9B6}.Debug|Any CPU.Build.0 = Debug|Any CPU
		{3DEC977E-FDA1-4415-BCBE-1FDD4D12D9B6}.Release|Any CPU.ActiveCfg = Release|Any CPU
		{3DEC977E-FDA1-4415-BCBE-1FDD4D12D9B6}.Release|Any CPU.Build.0 = Release|Any CPU
		{5ADB0B47-8239-4E76-9861-B690014F1A6B}.Debug|Any CPU.ActiveCfg = Debug|Any CPU
		{5ADB0B47-8239-4E76-9861-B690014F1A6B}.Debug|Any CPU.Build.0 = Debug|Any CPU
		{5ADB0B47-8239-4E76-9861-B690014F1A6B}.Release|Any CPU.ActiveCfg = Release|Any CPU
		{5ADB0B47-8239-4E76-9861-B690014F1A6B}.Release|Any CPU.Build.0 = Release|Any CPU
		{B6EA4346-DB1C-449D-8951-E19E76CDDBB3}.Debug|Any CPU.ActiveCfg = Debug|Any CPU
		{B6EA4346-DB1C-449D-8951-E19E76CDDBB3}.Debug|Any CPU.Build.0 = Debug|Any CPU
		{B6EA4346-DB1C-449D-8951-E19E76CDDBB3}.Release|Any CPU.ActiveCfg = Release|Any CPU
		{B6EA4346-DB1C-449D-8951-E19E76CDDBB3}.Release|Any CPU.Build.0 = Release|Any CPU
		{EF46E974-0F6E-47F7-A05C-FE4645A16988}.Debug|Any CPU.ActiveCfg = Debug|Any CPU
		{EF46E974-0F6E-47F7-A05C-FE4645A16988}.Debug|Any CPU.Build.0 = Debug|Any CPU
		{EF46E974-0F6E-47F7-A05C-FE4645A16988}.Release|Any CPU.ActiveCfg = Release|Any CPU
		{EF46E974-0F6E-47F7-A05C-FE4645A16988}.Release|Any CPU.Build.0 = Release|Any CPU
	EndGlobalSection
	GlobalSection(MonoDevelopProperties) = preSolution
		StartupItem = ObviousCode.Alchemy.Creatures.Darwin.Ui\ObviousCode.Alchemy.Creatures.Darwin.Ui.csproj
	EndGlobalSection
EndGlobal
